{
  "requires": true,
  "lockfileVersion": 1,
  "dependencies": {
    "nodemailer": {
      "version": "6.6.3",
      "resolved": "https://registry.npmjs.org/nodemailer/-/nodemailer-6.6.3.tgz",
      "integrity": "sha512-faZFufgTMrphYoDjvyVpbpJcYzwyFnbAMmQtj1lVBYAUSm3SOy2fIdd9+Mr4UxPosBa0JRw9bJoIwQn+nswiew=="
    }
  }
}
